
Microsoft Visual Studio Solution File, Format Version 12.00
# Visual Studio Version 17
VisualStudioVersion = 17.0.32014.148
MinimumVisualStudioVersion = 10.0.40219.1
Project("{9A19103F-16F7-4668-BE54-9A1E7A4F7556}") = "Ezenity.API", "Ezenity.API\Ezenity.API.csproj", "{A63DDC57-5293-4FBB-B069-F7F588F3BB82}"
EndProject
Project("{FAE04EC0-301F-11D3-BF4B-00C04F79EFBC}") = "Ezenity.Tests", "Ezenity.Tests\Ezenity.Tests.csproj", "{7BD839B7-F3E2-499A-8DD1-807C4F5ECAD4}"
EndProject
Project("{FAE04EC0-301F-11D3-BF4B-00C04F79EFBC}") = "Ezenity.Core", "Ezenity.Core\Ezenity.Core.csproj", "{62855BD1-5A85-4BDF-B0E0-07EE1ECBEB63}"
EndProject
Project("{FAE04EC0-301F-11D3-BF4B-00C04F79EFBC}") = "Ezenity.Infrastructure", "Ezenity.Infrastructure\Ezenity.Infrastructure.csproj", "{A63B54BF-F792-4613-81A2-F62B37D83565}"
EndProject
Project("{FAE04EC0-301F-11D3-BF4B-00C04F79EFBC}") = "Ezenity.DTOs", "Ezenity.DTOs\Ezenity.DTOs.csproj", "{62784B6E-D8C4-4C89-9771-7E17CCFB83D6}"
EndProject
Global
	GlobalSection(SolutionConfigurationPlatforms) = preSolution
		Debug|Any CPU = Debug|Any CPU
		Release|Any CPU = Release|Any CPU
	EndGlobalSection
	GlobalSection(ProjectConfigurationPlatforms) = postSolution
		{A63DDC57-5293-4FBB-B069-F7F588F3BB82}.Debug|Any CPU.ActiveCfg = Debug|Any CPU
		{A63DDC57-5293-4FBB-B069-F7F588F3BB82}.Debug|Any CPU.Build.0 = Debug|Any CPU
		{A63DDC57-5293-4FBB-B069-F7F588F3BB82}.Release|Any CPU.ActiveCfg = Release|Any CPU
		{A63DDC57-5293-4FBB-B069-F7F588F3BB82}.Release|Any CPU.Build.0 = Release|Any CPU
		{7BD839B7-F3E2-499A-8DD1-807C4F5ECAD4}.Debug|Any CPU.ActiveCfg = Debug|Any CPU
		{7BD839B7-F3E2-499A-8DD1-807C4F5ECAD4}.Debug|Any CPU.Build.0 = Debug|Any CPU
		{7BD839B7-F3E2-499A-8DD1-807C4F5ECAD4}.Release|Any CPU.ActiveCfg = Release|Any CPU
		{7BD839B7-F3E2-499A-8DD1-807C4F5ECAD4}.Release|Any CPU.Build.0 = Release|Any CPU
		{62855BD1-5A85-4BDF-B0E0-07EE1ECBEB63}.Debug|Any CPU.ActiveCfg = Debug|Any CPU
		{62855BD1-5A85-4BDF-B0E0-07EE1ECBEB63}.Debug|Any CPU.Build.0 = Debug|Any CPU
		{62855BD1-5A85-4BDF-B0E0-07EE1ECBEB63}.Release|Any CPU.ActiveCfg = Release|Any CPU
		{62855BD1-5A85-4BDF-B0E0-07EE1ECBEB63}.Release|Any CPU.Build.0 = Release|Any CPU
		{A63B54BF-F792-4613-81A2-F62B37D83565}.Debug|Any CPU.ActiveCfg = Debug|Any CPU
		{A63B54BF-F792-4613-81A2-F62B37D83565}.Debug|Any CPU.Build.0 = Debug|Any CPU
		{A63B54BF-F792-4613-81A2-F62B37D83565}.Release|Any CPU.ActiveCfg = Release|Any CPU
		{A63B54BF-F792-4613-81A2-F62B37D83565}.Release|Any CPU.Build.0 = Release|Any CPU
		{62784B6E-D8C4-4C89-9771-7E17CCFB83D6}.Debug|Any CPU.ActiveCfg = Debug|Any CPU
		{62784B6E-D8C4-4C89-9771-7E17CCFB83D6}.Debug|Any CPU.Build.0 = Debug|Any CPU
		{62784B6E-D8C4-4C89-9771-7E17CCFB83D6}.Release|Any CPU.ActiveCfg = Release|Any CPU
		{62784B6E-D8C4-4C89-9771-7E17CCFB83D6}.Release|Any CPU.Build.0 = Release|Any CPU
	EndGlobalSection
	GlobalSection(SolutionProperties) = preSolution
		HideSolutionNode = FALSE
	EndGlobalSection
	GlobalSection(ExtensibilityGlobals) = postSolution
		SolutionGuid = {12082021-F430-494C-8D6B-4EB628CA597D}
	EndGlobalSection
EndGlobal
